// !$*UTF8*$!
{
	archiveVersion = 1;
	classes = {
	};
	objectVersion = 46;
	objects = {

/* Begin PBXBuildFile section */
		AC5226351BBAEC57008BBA20 /* main.m in Sources */ = {isa = PBXBuildFile; fileRef = AC5226341BBAEC57008BBA20 /* main.m */; };
		AC52263D1BBAEC71008BBA20 /* Box.m in Sources */ = {isa = PBXBuildFile; fileRef = AC52263C1BBAEC71008BBA20 /* Box.m */; settings = {ASSET_TAGS = (); }; };
/* End PBXBuildFile section */

/* Begin PBXCopyFilesBuildPhase section */
		AC52262F1BBAEC57008BBA20 /* CopyFiles */ = {
			isa = PBXCopyFilesBuildPhase;
			buildActionMask = 2147483647;
			dstPath = /usr/share/man/man1/;
			dstSubfolderSpec = 0;
			files = (
			);
			runOnlyForDeploymentPostprocessing = 1;
		};
/* End PBXCopyFilesBuildPhase section */

/* Begin PBXFileReference section */
		AC5226311BBAEC57008BBA20 /* Boxes 2 */ = {isa = PBXFileReference; explicitFileType = "compiled.mach-o.executable"; includeInIndex = 0; path = "Boxes 2"; sourceTree = BUILT_PRODUCTS_DIR; };
		AC5226341BBAEC57008BBA20 /* main.m */ = {isa = PBXFileReference; lastKnownFileType = sourcecode.c.objc; path = main.m; sourceTree = "<group>"; };
		AC52263B1BBAEC71008BBA20 /* Box.h */ = {isa = PBXFileReference; fileEncoding = 4; lastKnownFileType = sourcecode.c.h; path = Box.h; sourceTree = "<group>"; };
		AC52263C1BBAEC71008BBA20 /* Box.m */ = {isa = PBXFileReference; fileEncoding = 4; lastKnownFileType = sourcecode.c.objc; path = Box.m; sourceTree = "<group>"; };
/* End PBXFileReference section */

/* Begin PBXFrameworksBuildPhase section */
		AC52262E1BBAEC57008BBA20 /* Frameworks */ = {
			isa = PBXFrameworksBuildPhase;
			buildActionMask = 2147483647;
			files = (
			);
			runOnlyForDeploymentPostprocessing = 0;
		};
/* End PBXFrameworksBuildPhase section */

/* Begin PBXGroup section */
		AC5226281BBAEC57008BBA20 = {
			isa = PBXGroup;
			children = (
				AC5226331BBAEC57008BBA20 /* Boxes 2 */,
				AC5226321BBAEC57008BBA20 /* Products */,
			);
			sourceTree = "<group>";
		};
		AC5226321BBAEC57008BBA20 /* Products */ = {
			isa = PBXGroup;
			children = (
				AC5226311BBAEC57008BBA20 /* Boxes 2 */,
			);
			name = Products;
			sourceTree = "<group>";
		};
		AC5226331BBAEC57008BBA20 /* Boxes 2 */ = {
			isa = PBXGroup;
			children = (
				AC5226341BBAEC57008BBA20 /* main.m */,
				AC52263B1BBAEC71008BBA20 /* Box.h */,
				AC52263C1BBAEC71008BBA20 /* Box.m */,
			);
			path = "Boxes 2";
			sourceTree = "<group>";
		};
/* End PBXGroup section */

/* Begin PBXNativeTarget section */
		AC5226301BBAEC57008BBA20 /* Boxes 2 */ = {
			isa = PBXNativeTarget;
			buildConfigurationList = AC5226381BBAEC57008BBA20 /* Build configuration list for PBXNativeTarget "Boxes 2" */;
			buildPhases = (
				AC52262D1BBAEC57008BBA20 /* Sources */,
				AC52262E1BBAEC57008BBA20 /* Frameworks */,
				AC52262F1BBAEC57008BBA20 /* CopyFiles */,
			);
			buildRules = (
			);
			dependencies = (
			);
			name = "Boxes 2";
			productName = "Boxes 2";
			productReference = AC5226311BBAEC57008BBA20 /* Boxes 2 */;
			productType = "com.apple.product-type.tool";
		};
/* End PBXNativeTarget section */

/* Begin PBXProject section */
		AC5226291BBAEC57008BBA20 /* Project object */ = {
			isa = PBXProject;
			attributes = {
				LastUpgradeCheck = 0700;
				ORGANIZATIONNAME = Yazan;
				TargetAttributes = {
					AC5226301BBAEC57008BBA20 = {
						CreatedOnToolsVersion = 7.0;
					};
				};
			};
			buildConfigurationList = AC52262C1BBAEC57008BBA20 /* Build configuration list for PBXProject "Boxes 2" */;
			compatibilityVersion = "Xcode 3.2";
			developmentRegion = English;
			hasScannedForEncodings = 0;
			knownRegions = (
				en,
			);
			mainGroup = AC5226281BBAEC57008BBA20;
			productRefGroup = AC5226321BBAEC57008BBA20 /* Products */;
			projectDirPath = "";
			projectRoot = "";
			targets = (
				AC5226301BBAEC57008BBA20 /* Boxes 2 */,
			);
		};
/* End PBXProject section */

/* Begin PBXSourcesBuildPhase section */
		AC52262D1BBAEC57008BBA20 /* Sources */ = {
			isa = PBXSourcesBuildPhase;
			buildActionMask = 2147483647;
			files = (
				AC5226351BBAEC57008BBA20 /* main.m in Sources */,
				AC52263D1BBAEC71008BBA20 /* Box.m in Sources */,
			);
			runOnlyForDeploymentPostprocessing = 0;
		};
/* End PBXSourcesBuildPhase section */

/* Begin XCBuildConfiguration section */
		AC5226361BBAEC57008BBA20 /* Debug */ = {
			isa = XCBuildConfiguration;
			buildSettings = {
				ALWAYS_SEARCH_USER_PATHS = NO;
				CLANG_CXX_LANGUAGE_STANDARD = "gnu++0x";
				CLANG_CXX_LIBRARY = "libc++";
				CLANG_ENABLE_MODULES = YES;
				CLANG_ENABLE_OBJC_ARC = YES;
				CLANG_WARN_BOOL_CONVERSION = YES;
				CLANG_WARN_CONSTANT_CONVERSION = YES;
				CLANG_WARN_DIRECT_OBJC_ISA_USAGE = YES_ERROR;
				CLANG_WARN_EMPTY_BODY = YES;
				CLANG_WARN_ENUM_CONVERSION = YES;
				CLANG_WARN_INT_CONVERSION = YES;
				CLANG_WARN_OBJC_ROOT_CLASS = YES_ERROR;
				CLANG_WARN_UNREACHABLE_CODE = YES;
				CLANG_WARN__DUPLICATE_METHOD_MATCH = YES;
				COPY_PHASE_STRIP = NO;
				DEBUG_INFORMATION_FORMAT = dwarf;
				ENABLE_STRICT_OBJC_MSGSEND = YES;
				ENABLE_TESTABILITY = YES;
				GCC_C_LANGUAGE_STANDARD = gnu99;
				GCC_DYNAMIC_NO_PIC = NO;
				GCC_NO_COMMON_BLOCKS = YES;
				GCC_OPTIMIZATION_LEVEL = 0;
				GCC_PREPROCESSOR_DEFINITIONS = (
					"DEBUG=1",
					"$(inherited)",
				);
				GCC_WARN_64_TO_32_BIT_CONVERSION = YES;
				GCC_WARN_ABOUT_RETURN_TYPE = YES_ERROR;
				GCC_WARN_UNDECLARED_SELECTOR = YES;
				GCC_WARN_UNINITIALIZED_AUTOS = YES_AGGRESSIVE;
				GCC_WARN_UNUSED_FUNCTION = YES;
				GCC_WARN_UNUSED_VARIABLE = YES;
				MACOSX_DEPLOYMENT_TARGET = 10.10;
				MTL_ENABLE_DEBUG_INFO = YES;
				ONLY_ACTIVE_ARCH = YES;
				SDKROOT = macosx;
			};
			name = Debug;
		};
		AC5226371BBAEC57008BBA20 /* Release */ = {
			isa = XCBuildConfiguration;
			buildSettings = {
				ALWAYS_SEARCH_USER_PATHS = NO;
				CLANG_CXX_LANGUAGE_STANDARD = "gnu++0x";
				CLANG_CXX_LIBRARY = "libc++";
				CLANG_ENABLE_MODULES = YES;
				CLANG_ENABLE_OBJC_ARC = YES;
				CLANG_WARN_BOOL_CONVERSION = YES;
				CLANG_WARN_CONSTANT_CONVERSION = YES;
				CLANG_WARN_DIRECT_OBJC_ISA_USAGE = YES_ERROR;
				CLANG_WARN_EMPTY_BODY = YES;
				CLANG_WARN_ENUM_CONVERSION = YES;
				CLANG_WARN_INT_CONVERSION = YES;
				CLANG_WARN_OBJC_ROOT_CLASS = YES_ERROR;
				CLANG_WARN_UNREACHABLE_CODE = YES;
				CLANG_WARN__DUPLICATE_METHOD_MATCH = YES;
				COPY_PHASE_STRIP = NO;
				DEBUG_INFORMATION_FORMAT = "dwarf-with-dsym";
				ENABLE_NS_ASSERTIONS = NO;
				ENABLE_STRICT_OBJC_MSGSEND = YES;
				GCC_C_LANGUAGE_STANDARD = gnu99;
				GCC_NO_COMMON_BLOCKS = YES;
				GCC_WARN_64_TO_32_BIT_CONVERSION = YES;
				GCC_WARN_ABOUT_RETURN_TYPE = YES_ERROR;
				GCC_WARN_UNDECLARED_SELECTOR = YES;
				GCC_WARN_UNINITIALIZED_AUTOS = YES_AGGRESSIVE;
				GCC_WARN_UNUSED_FUNCTION = YES;
				GCC_WARN_UNUSED_VARIABLE = YES;
				MACOSX_DEPLOYMENT_TARGET = 10.10;
				MTL_ENABLE_DEBUG_INFO = NO;
				SDKROOT = macosx;
			};
			name = Release;
		};
		AC5226391BBAEC57008BBA20 /* Debug */ = {
			isa = XCBuildConfiguration;
			buildSettings = {
				PRODUCT_NAME = "$(TARGET_NAME)";
			};
			name = Debug;
		};
		AC52263A1BBAEC57008BBA20 /* Release */ = {
			isa = XCBuildConfiguration;
			buildSettings = {
				PRODUCT_NAME = "$(TARGET_NAME)";
			};
			name = Release;
		};
/* End XCBuildConfiguration section */

/* Begin XCConfigurationList section */
		AC52262C1BBAEC57008BBA20 /* Build configuration list for PBXProject "Boxes 2" */ = {
			isa = XCConfigurationList;
			buildConfigurations = (
				AC5226361BBAEC57008BBA20 /* Debug */,
				AC5226371BBAEC57008BBA20 /* Release */,
			);
			defaultConfigurationIsVisible = 0;
			defaultConfigurationName = Release;
		};
		AC5226381BBAEC57008BBA20 /* Build configuration list for PBXNativeTarget "Boxes 2" */ = {
			isa = XCConfigurationList;
			buildConfigurations = (
				AC5226391BBAEC57008BBA20 /* Debug */,
				AC52263A1BBAEC57008BBA20 /* Release */,
			);
			defaultConfigurationIsVisible = 0;
		};
/* End XCConfigurationList section */
	};
	rootObject = AC5226291BBAEC57008BBA20 /* Project object */;
}
